
Microsoft Visual Studio Solution File, Format Version 12.00
# Visual Studio Version 17
VisualStudioVersion = 17.4.33213.308
MinimumVisualStudioVersion = 10.0.40219.1
Project("{FAE04EC0-301F-11D3-BF4B-00C04F79EFBC}") = "LinerarBlockCodes", "LinerarBlockCodes\LinerarBlockCodes.csproj", "{CF01C8D6-91E0-4223-914A-8A0756F94525}"
EndProject
Global
	GlobalSection(SolutionConfigurationPlatforms) = preSolution
		Debug|Any CPU = Debug|Any CPU
		Release|Any CPU = Release|Any CPU
	EndGlobalSection
	GlobalSection(ProjectConfigurationPlatforms) = postSolution
		{CF01C8D6-91E0-4223-914A-8A0756F94525}.Debug|Any CPU.ActiveCfg = Debug|Any CPU
		{CF01C8D6-91E0-4223-914A-8A0756F94525}.Debug|Any CPU.Build.0 = Debug|Any CPU
		{CF01C8D6-91E0-4223-914A-8A0756F94525}.Release|Any CPU.ActiveCfg = Release|Any CPU
		{CF01C8D6-91E0-4223-914A-8A0756F94525}.Release|Any CPU.Build.0 = Release|Any CPU
	EndGlobalSection
	GlobalSection(SolutionProperties) = preSolution
		HideSolutionNode = FALSE
	EndGlobalSection
	GlobalSection(ExtensibilityGlobals) = postSolution
		SolutionGuid = {C36A9B91-FB34-4B1E-9557-9DE7273F14CA}
	EndGlobalSection
EndGlobal
